
Microsoft Visual Studio Solution File, Format Version 12.00
# Visual Studio Version 17
VisualStudioVersion = 17.12.35707.178 d17.12
MinimumVisualStudioVersion = 10.0.40219.1
Project("{FAE04EC0-301F-11D3-BF4B-00C04F79EFBC}") = "AULA1", "AULA1\AULA1.csproj", "{15F2CB80-E180-4431-A7BE-919D90D1C584}"
EndProject
Project("{FAE04EC0-301F-11D3-BF4B-00C04F79EFBC}") = "AULA 18-02-25", "AULA 18-02-25\AULA 18-02-25.csproj", "{89DEF5A9-57FF-4C97-A891-08E9F569DAEB}"
EndProject
Global
	GlobalSection(SolutionConfigurationPlatforms) = preSolution
		Debug|Any CPU = Debug|Any CPU
		Release|Any CPU = Release|Any CPU
	EndGlobalSection
	GlobalSection(ProjectConfigurationPlatforms) = postSolution
		{15F2CB80-E180-4431-A7BE-919D90D1C584}.Debug|Any CPU.ActiveCfg = Debug|Any CPU
		{15F2CB80-E180-4431-A7BE-919D90D1C584}.Debug|Any CPU.Build.0 = Debug|Any CPU
		{15F2CB80-E180-4431-A7BE-919D90D1C584}.Release|Any CPU.ActiveCfg = Release|Any CPU
		{15F2CB80-E180-4431-A7BE-919D90D1C584}.Release|Any CPU.Build.0 = Release|Any CPU
		{89DEF5A9-57FF-4C97-A891-08E9F569DAEB}.Debug|Any CPU.ActiveCfg = Debug|Any CPU
		{89DEF5A9-57FF-4C97-A891-08E9F569DAEB}.Debug|Any CPU.Build.0 = Debug|Any CPU
		{89DEF5A9-57FF-4C97-A891-08E9F569DAEB}.Release|Any CPU.ActiveCfg = Release|Any CPU
		{89DEF5A9-57FF-4C97-A891-08E9F569DAEB}.Release|Any CPU.Build.0 = Release|Any CPU
	EndGlobalSection
	GlobalSection(SolutionProperties) = preSolution
		HideSolutionNode = FALSE
	EndGlobalSection
EndGlobal
